
Microsoft Visual Studio Solution File, Format Version 12.00
# Visual Studio Version 17
VisualStudioVersion = 17.9.34723.18
MinimumVisualStudioVersion = 10.0.40219.1
Project("{9A19103F-16F7-4668-BE54-9A1E7A4F7556}") = "Installer", "Installer\Installer.csproj", "{6B4452BB-38F6-4B0A-B98B-9022BB7ABEEF}"
EndProject
Project("{9A19103F-16F7-4668-BE54-9A1E7A4F7556}") = "OSLoader", "..\OSLoader\OSLoader\OSLoader.csproj", "{AEEE8DD7-CDF9-4A7E-85E6-381F47BFC354}"
EndProject
Global
	GlobalSection(SolutionConfigurationPlatforms) = preSolution
		Debug|Any CPU = Debug|Any CPU
		Release|Any CPU = Release|Any CPU
	EndGlobalSection
	GlobalSection(ProjectConfigurationPlatforms) = postSolution
		{6B4452BB-38F6-4B0A-B98B-9022BB7ABEEF}.Debug|Any CPU.ActiveCfg = Debug|Any CPU
		{6B4452BB-38F6-4B0A-B98B-9022BB7ABEEF}.Debug|Any CPU.Build.0 = Debug|Any CPU
		{6B4452BB-38F6-4B0A-B98B-9022BB7ABEEF}.Release|Any CPU.ActiveCfg = Release|Any CPU
		{6B4452BB-38F6-4B0A-B98B-9022BB7ABEEF}.Release|Any CPU.Build.0 = Release|Any CPU
		{AEEE8DD7-CDF9-4A7E-85E6-381F47BFC354}.Debug|Any CPU.ActiveCfg = Debug|Any CPU
		{AEEE8DD7-CDF9-4A7E-85E6-381F47BFC354}.Debug|Any CPU.Build.0 = Debug|Any CPU
		{AEEE8DD7-CDF9-4A7E-85E6-381F47BFC354}.Release|Any CPU.ActiveCfg = Release|Any CPU
		{AEEE8DD7-CDF9-4A7E-85E6-381F47BFC354}.Release|Any CPU.Build.0 = Release|Any CPU
	EndGlobalSection
	GlobalSection(SolutionProperties) = preSolution
		HideSolutionNode = FALSE
	EndGlobalSection
	GlobalSection(ExtensibilityGlobals) = postSolution
		SolutionGuid = {2F84D150-499C-45F9-BE7C-E8866CBA067B}
	EndGlobalSection
EndGlobal
